// !$*UTF8*$!
{
	archiveVersion = 1;
	classes = {
	};
	objectVersion = 77;
	objects = {

/* Begin PBXBuildFile section */
		0233268CC94C9A26838D022C /* DiagnosticLog.swift in Sources */ = {isa = PBXBuildFile; fileRef = 0F9746E05DAF2F18E2164AE0 /* DiagnosticLog.swift */; };
		0A5EEDD1B1A4032FCBA313DC /* SpaceToolBridge.swift in Sources */ = {isa = PBXBuildFile; fileRef = EB2CE7E2613EEBFB29969E02 /* SpaceToolBridge.swift */; };
		0E6B219B0F072ED018D3065B /* VoiceComputerPOCApp.swift in Sources */ = {isa = PBXBuildFile; fileRef = 03E832F80A1C092C60825323 /* VoiceComputerPOCApp.swift */; };
		0EF5A8F7A156B5D7DA21AB23 /* SpaceToolContract.swift in Sources */ = {isa = PBXBuildFile; fileRef = 8D890B71ED4ECE57D20290F2 /* SpaceToolContract.swift */; };
		11ABDA561800868B832427D3 /* router-cli-args.json in Resources */ = {isa = PBXBuildFile; fileRef = D478EB08637ACB3628315EC6 /* router-cli-args.json */; };
		11B249B1108AD14B1E9D8685 /* SpaceToolBridgeSecurityTests.swift in Sources */ = {isa = PBXBuildFile; fileRef = 77A1C0131F46AF8B11A108D1 /* SpaceToolBridgeSecurityTests.swift */; };
		1903CCB753DCB55130698DD5 /* AppServerClient+SpaceVerification.swift in Sources */ = {isa = PBXBuildFile; fileRef = D3BBEAB99B854E808C3A2E50 /* AppServerClient+SpaceVerification.swift */; };
		25389F8BE59799C7694C9D72 /* AppServerClient+SpaceAXExecution.swift in Sources */ = {isa = PBXBuildFile; fileRef = 658A3A41C80234ACA5A36A8D /* AppServerClient+SpaceAXExecution.swift */; };
		2E46C2BD23DBA8D96B16443B /* router-output.schema.json in Resources */ = {isa = PBXBuildFile; fileRef = 6BE7479ACF49C5F779513C79 /* router-output.schema.json */; };
		2FC0AEA630182A4F6C177E93 /* AppServerClient+Connection.swift in Sources */ = {isa = PBXBuildFile; fileRef = 1553759D35311E1698534226 /* AppServerClient+Connection.swift */; };
		39ED284ACB1970972009A7AE /* CommandRoute.swift in Sources */ = {isa = PBXBuildFile; fileRef = 8B74AD102A7A7BE23EB6619A /* CommandRoute.swift */; };
		45B59E7EEC152F2A6831E556 /* SpaceNavigatorTests.swift in Sources */ = {isa = PBXBuildFile; fileRef = 17DD4353727E45891FEF5DAB /* SpaceNavigatorTests.swift */; };
		469F4D49DCCEDEC5032649B8 /* NativeSpaceAXExecution.swift in Sources */ = {isa = PBXBuildFile; fileRef = 6428F055CAE5F977ECD76618 /* NativeSpaceAXExecution.swift */; };
		46A0B1E7E64FAA6B4DAF7B21 /* AppServerClientNotificationTests.swift in Sources */ = {isa = PBXBuildFile; fileRef = D197EA13232A8EC0DF17BCA1 /* AppServerClientNotificationTests.swift */; };
		46B4B0D406445B2F5DA025D6 /* AppServerClient+Spaces.swift in Sources */ = {isa = PBXBuildFile; fileRef = 34C996441AC1A3E32F91757B /* AppServerClient+Spaces.swift */; };
		4B783A83A2C9EC4A3D90A251 /* SpaceNavigator.swift in Sources */ = {isa = PBXBuildFile; fileRef = B4892574811141080E9E93FE /* SpaceNavigator.swift */; };
		4C89AD07C7FD92FE012B26E3 /* NativeSpaceAXExecutionTests.swift in Sources */ = {isa = PBXBuildFile; fileRef = FAF6FC2A95408A77DEB5287E /* NativeSpaceAXExecutionTests.swift */; };
		51C8F021EEB3C28AF14AA781 /* RouterAgent.swift in Sources */ = {isa = PBXBuildFile; fileRef = F54D737F47D4FB6002490D93 /* RouterAgent.swift */; };
		6E47380606EC3DFF30BF1E0E /* AppServerClientRoutingTests.swift in Sources */ = {isa = PBXBuildFile; fileRef = 6B71C5871C819570F0B56DC8 /* AppServerClientRoutingTests.swift */; };
		815AE3BC1BD46EA6E2F4BF79 /* CommandRouteTests.swift in Sources */ = {isa = PBXBuildFile; fileRef = D632B99140C3882305A8768D /* CommandRouteTests.swift */; };
		8832F6771617F802E160B22F /* ApprovalProtocolTests.swift in Sources */ = {isa = PBXBuildFile; fileRef = 0021295ABADC32033A3EDE68 /* ApprovalProtocolTests.swift */; };
		8C8E6085BEBB050DAC7DE0EB /* AppServerClient.swift in Sources */ = {isa = PBXBuildFile; fileRef = 3E5685373ED6C8075DD282EA /* AppServerClient.swift */; };
		956571D06FD82926DEBD3B4D /* SpaceToolContractTests.swift in Sources */ = {isa = PBXBuildFile; fileRef = E7EBF26FA90A2A71786A1435 /* SpaceToolContractTests.swift */; };
		99965E951BC65D2FC6AE76D9 /* WindowManagerAXProbe.swift in Sources */ = {isa = PBXBuildFile; fileRef = A5D25FC23DE94B511E999EB7 /* WindowManagerAXProbe.swift */; };
		A8852D260D8504D5024ABB58 /* AppServerClient+Lifecycle.swift in Sources */ = {isa = PBXBuildFile; fileRef = E1DA61CCE4D3F6CC8236658A /* AppServerClient+Lifecycle.swift */; };
		AA621174BB334EDF6B44707F /* SpaceToolBridgePythonPeerSupport.swift in Sources */ = {isa = PBXBuildFile; fileRef = 17C96BB825E16BE3B775FD87 /* SpaceToolBridgePythonPeerSupport.swift */; };
		B00819EC5F0AB40C9AEDB658 /* LocalVoiceInput.swift in Sources */ = {isa = PBXBuildFile; fileRef = 7ACB5EE942BC4C16FBA579B7 /* LocalVoiceInput.swift */; };
		B1977B752C4EF9097128F4DF /* MissionControlAXDiscovery.swift in Sources */ = {isa = PBXBuildFile; fileRef = 9FBF783BA4090E303FF1E695 /* MissionControlAXDiscovery.swift */; };
		BC4753D6EC07F923ED6AE722 /* DiagnosticLogTests.swift in Sources */ = {isa = PBXBuildFile; fileRef = 7BDB7479844A824CE79FA957 /* DiagnosticLogTests.swift */; };
		CA907AAE2B1E537AD1A8EDF4 /* ApprovalProtocol.swift in Sources */ = {isa = PBXBuildFile; fileRef = 4DF54FE5EDD2D827D67E8AF4 /* ApprovalProtocol.swift */; };
		CCC922B84BD4EA953E7D52BE /* WindowManagerAXExecutionTests.swift in Sources */ = {isa = PBXBuildFile; fileRef = 707B471B25A7F1DAAE972363 /* WindowManagerAXExecutionTests.swift */; };
		D8182DE6E3A2B8DD9BC19CD0 /* AppServerClient+Routing.swift in Sources */ = {isa = PBXBuildFile; fileRef = AAEE0B9B8B1A5F7E5359DD50 /* AppServerClient+Routing.swift */; };
		E47F520E49C91E7C1477649E /* AppServerClient+Responses.swift in Sources */ = {isa = PBXBuildFile; fileRef = DEF216825C70926B73579A26 /* AppServerClient+Responses.swift */; };
		E807A0BA7ED80F13CE2784C6 /* ContentView.swift in Sources */ = {isa = PBXBuildFile; fileRef = 5C9F9324497C1AD7B0B64440 /* ContentView.swift */; };
		F26A69D825E2BE4983896932 /* WindowManagerAXExecution.swift in Sources */ = {isa = PBXBuildFile; fileRef = C0BFCDA2960DFBDC48C0D048 /* WindowManagerAXExecution.swift */; };
		F4C66D788160D488340A7AAF /* AppServerClient+Notifications.swift in Sources */ = {isa = PBXBuildFile; fileRef = FA818DA41010F13056BC0096 /* AppServerClient+Notifications.swift */; };
		F8ED3CAF55A6B34F67BE9856 /* NativeSpaceCancellationTests.swift in Sources */ = {isa = PBXBuildFile; fileRef = D9EB4AB5FB13BC8D4FE6427F /* NativeSpaceCancellationTests.swift */; };
		FABA6BB3D1B74125E9834BB6 /* router-instruction.txt in Resources */ = {isa = PBXBuildFile; fileRef = BED1EF7D88AEDFF253DD76FC /* router-instruction.txt */; };
/* End PBXBuildFile section */

/* Begin PBXContainerItemProxy section */
		8D3DC6529646A834CDD89E67 /* PBXContainerItemProxy */ = {
			isa = PBXContainerItemProxy;
			containerPortal = 3865256B9209E08844D9C5F3 /* Project object */;
			proxyType = 1;
			remoteGlobalIDString = 529B02A64308A8545EAA86E6;
			remoteInfo = VoiceComputerPOC;
		};
/* End PBXContainerItemProxy section */

/* Begin PBXFileReference section */
		0021295ABADC32033A3EDE68 /* ApprovalProtocolTests.swift */ = {isa = PBXFileReference; lastKnownFileType = sourcecode.swift; path = ApprovalProtocolTests.swift; sourceTree = "<group>"; };
		03E832F80A1C092C60825323 /* VoiceComputerPOCApp.swift */ = {isa = PBXFileReference; lastKnownFileType = sourcecode.swift; path = VoiceComputerPOCApp.swift; sourceTree = "<group>"; };
		0F9746E05DAF2F18E2164AE0 /* DiagnosticLog.swift */ = {isa = PBXFileReference; lastKnownFileType = sourcecode.swift; path = DiagnosticLog.swift; sourceTree = "<group>"; };
		1553759D35311E1698534226 /* AppServerClient+Connection.swift */ = {isa = PBXFileReference; lastKnownFileType = sourcecode.swift; path = "AppServerClient+Connection.swift"; sourceTree = "<group>"; };
		17C96BB825E16BE3B775FD87 /* SpaceToolBridgePythonPeerSupport.swift */ = {isa = PBXFileReference; lastKnownFileType = sourcecode.swift; path = SpaceToolBridgePythonPeerSupport.swift; sourceTree = "<group>"; };
		17DD4353727E45891FEF5DAB /* SpaceNavigatorTests.swift */ = {isa = PBXFileReference; lastKnownFileType = sourcecode.swift; path = SpaceNavigatorTests.swift; sourceTree = "<group>"; };
		34C996441AC1A3E32F91757B /* AppServerClient+Spaces.swift */ = {isa = PBXFileReference; lastKnownFileType = sourcecode.swift; path = "AppServerClient+Spaces.swift"; sourceTree = "<group>"; };
		3E5685373ED6C8075DD282EA /* AppServerClient.swift */ = {isa = PBXFileReference; lastKnownFileType = sourcecode.swift; path = AppServerClient.swift; sourceTree = "<group>"; };
		4DF54FE5EDD2D827D67E8AF4 /* ApprovalProtocol.swift */ = {isa = PBXFileReference; lastKnownFileType = sourcecode.swift; path = ApprovalProtocol.swift; sourceTree = "<group>"; };
		5C9F9324497C1AD7B0B64440 /* ContentView.swift */ = {isa = PBXFileReference; lastKnownFileType = sourcecode.swift; path = ContentView.swift; sourceTree = "<group>"; };
		6428F055CAE5F977ECD76618 /* NativeSpaceAXExecution.swift */ = {isa = PBXFileReference; lastKnownFileType = sourcecode.swift; path = NativeSpaceAXExecution.swift; sourceTree = "<group>"; };
		658A3A41C80234ACA5A36A8D /* AppServerClient+SpaceAXExecution.swift */ = {isa = PBXFileReference; lastKnownFileType = sourcecode.swift; path = "AppServerClient+SpaceAXExecution.swift"; sourceTree = "<group>"; };
		6B71C5871C819570F0B56DC8 /* AppServerClientRoutingTests.swift */ = {isa = PBXFileReference; lastKnownFileType = sourcecode.swift; path = AppServerClientRoutingTests.swift; sourceTree = "<group>"; };
		6BE7479ACF49C5F779513C79 /* router-output.schema.json */ = {isa = PBXFileReference; lastKnownFileType = text.json; path = "router-output.schema.json"; sourceTree = "<group>"; };
		707B471B25A7F1DAAE972363 /* WindowManagerAXExecutionTests.swift */ = {isa = PBXFileReference; lastKnownFileType = sourcecode.swift; path = WindowManagerAXExecutionTests.swift; sourceTree = "<group>"; };
		77A1C0131F46AF8B11A108D1 /* SpaceToolBridgeSecurityTests.swift */ = {isa = PBXFileReference; lastKnownFileType = sourcecode.swift; path = SpaceToolBridgeSecurityTests.swift; sourceTree = "<group>"; };
		7ACB5EE942BC4C16FBA579B7 /* LocalVoiceInput.swift */ = {isa = PBXFileReference; lastKnownFileType = sourcecode.swift; path = LocalVoiceInput.swift; sourceTree = "<group>"; };
		7BDB7479844A824CE79FA957 /* DiagnosticLogTests.swift */ = {isa = PBXFileReference; lastKnownFileType = sourcecode.swift; path = DiagnosticLogTests.swift; sourceTree = "<group>"; };
		8B74AD102A7A7BE23EB6619A /* CommandRoute.swift */ = {isa = PBXFileReference; lastKnownFileType = sourcecode.swift; path = CommandRoute.swift; sourceTree = "<group>"; };
		8D890B71ED4ECE57D20290F2 /* SpaceToolContract.swift */ = {isa = PBXFileReference; lastKnownFileType = sourcecode.swift; path = SpaceToolContract.swift; sourceTree = "<group>"; };
		94DE2CF9444DF65BD537012E /* VoiceComputerPOC.app */ = {isa = PBXFileReference; explicitFileType = wrapper.application; includeInIndex = 0; path = VoiceComputerPOC.app; sourceTree = BUILT_PRODUCTS_DIR; };
		9FBF783BA4090E303FF1E695 /* MissionControlAXDiscovery.swift */ = {isa = PBXFileReference; lastKnownFileType = sourcecode.swift; path = MissionControlAXDiscovery.swift; sourceTree = "<group>"; };
		A5D25FC23DE94B511E999EB7 /* WindowManagerAXProbe.swift */ = {isa = PBXFileReference; lastKnownFileType = sourcecode.swift; path = WindowManagerAXProbe.swift; sourceTree = "<group>"; };
		AAEE0B9B8B1A5F7E5359DD50 /* AppServerClient+Routing.swift */ = {isa = PBXFileReference; lastKnownFileType = sourcecode.swift; path = "AppServerClient+Routing.swift"; sourceTree = "<group>"; };
		B4892574811141080E9E93FE /* SpaceNavigator.swift */ = {isa = PBXFileReference; lastKnownFileType = sourcecode.swift; path = SpaceNavigator.swift; sourceTree = "<group>"; };
		BED1EF7D88AEDFF253DD76FC /* router-instruction.txt */ = {isa = PBXFileReference; lastKnownFileType = text; path = "router-instruction.txt"; sourceTree = "<group>"; };
		C0BFCDA2960DFBDC48C0D048 /* WindowManagerAXExecution.swift */ = {isa = PBXFileReference; lastKnownFileType = sourcecode.swift; path = WindowManagerAXExecution.swift; sourceTree = "<group>"; };
		D197EA13232A8EC0DF17BCA1 /* AppServerClientNotificationTests.swift */ = {isa = PBXFileReference; lastKnownFileType = sourcecode.swift; path = AppServerClientNotificationTests.swift; sourceTree = "<group>"; };
		D3BBEAB99B854E808C3A2E50 /* AppServerClient+SpaceVerification.swift */ = {isa = PBXFileReference; lastKnownFileType = sourcecode.swift; path = "AppServerClient+SpaceVerification.swift"; sourceTree = "<group>"; };
		D478EB08637ACB3628315EC6 /* router-cli-args.json */ = {isa = PBXFileReference; lastKnownFileType = text.json; path = "router-cli-args.json"; sourceTree = "<group>"; };
		D632B99140C3882305A8768D /* CommandRouteTests.swift */ = {isa = PBXFileReference; lastKnownFileType = sourcecode.swift; path = CommandRouteTests.swift; sourceTree = "<group>"; };
		D9EB4AB5FB13BC8D4FE6427F /* NativeSpaceCancellationTests.swift */ = {isa = PBXFileReference; lastKnownFileType = sourcecode.swift; path = NativeSpaceCancellationTests.swift; sourceTree = "<group>"; };
		DEF216825C70926B73579A26 /* AppServerClient+Responses.swift */ = {isa = PBXFileReference; lastKnownFileType = sourcecode.swift; path = "AppServerClient+Responses.swift"; sourceTree = "<group>"; };
		DF84CDBE5580684B8B7B21D1 /* VoiceComputerPOCTests.xctest */ = {isa = PBXFileReference; explicitFileType = wrapper.cfbundle; includeInIndex = 0; path = VoiceComputerPOCTests.xctest; sourceTree = BUILT_PRODUCTS_DIR; };
		E1DA61CCE4D3F6CC8236658A /* AppServerClient+Lifecycle.swift */ = {isa = PBXFileReference; lastKnownFileType = sourcecode.swift; path = "AppServerClient+Lifecycle.swift"; sourceTree = "<group>"; };
		E7EBF26FA90A2A71786A1435 /* SpaceToolContractTests.swift */ = {isa = PBXFileReference; lastKnownFileType = sourcecode.swift; path = SpaceToolContractTests.swift; sourceTree = "<group>"; };
		EB2CE7E2613EEBFB29969E02 /* SpaceToolBridge.swift */ = {isa = PBXFileReference; lastKnownFileType = sourcecode.swift; path = SpaceToolBridge.swift; sourceTree = "<group>"; };
		F54D737F47D4FB6002490D93 /* RouterAgent.swift */ = {isa = PBXFileReference; lastKnownFileType = sourcecode.swift; path = RouterAgent.swift; sourceTree = "<group>"; };
		FA818DA41010F13056BC0096 /* AppServerClient+Notifications.swift */ = {isa = PBXFileReference; lastKnownFileType = sourcecode.swift; path = "AppServerClient+Notifications.swift"; sourceTree = "<group>"; };
		FAF6FC2A95408A77DEB5287E /* NativeSpaceAXExecutionTests.swift */ = {isa = PBXFileReference; lastKnownFileType = sourcecode.swift; path = NativeSpaceAXExecutionTests.swift; sourceTree = "<group>"; };
/* End PBXFileReference section */

/* Begin PBXGroup section */
		09A1CEB64DEC19D6FFC82214 /* Products */ = {
			isa = PBXGroup;
			children = (
				94DE2CF9444DF65BD537012E /* VoiceComputerPOC.app */,
				DF84CDBE5580684B8B7B21D1 /* VoiceComputerPOCTests.xctest */,
			);
			name = Products;
			sourceTree = "<group>";
		};
		1D00367AA122FEC3D94DD5E9 /* VoiceComputerPOCTests */ = {
			isa = PBXGroup;
			children = (
				0021295ABADC32033A3EDE68 /* ApprovalProtocolTests.swift */,
				D197EA13232A8EC0DF17BCA1 /* AppServerClientNotificationTests.swift */,
				6B71C5871C819570F0B56DC8 /* AppServerClientRoutingTests.swift */,
				D632B99140C3882305A8768D /* CommandRouteTests.swift */,
				7BDB7479844A824CE79FA957 /* DiagnosticLogTests.swift */,
				FAF6FC2A95408A77DEB5287E /* NativeSpaceAXExecutionTests.swift */,
				D9EB4AB5FB13BC8D4FE6427F /* NativeSpaceCancellationTests.swift */,
				17DD4353727E45891FEF5DAB /* SpaceNavigatorTests.swift */,
				17C96BB825E16BE3B775FD87 /* SpaceToolBridgePythonPeerSupport.swift */,
				77A1C0131F46AF8B11A108D1 /* SpaceToolBridgeSecurityTests.swift */,
				E7EBF26FA90A2A71786A1435 /* SpaceToolContractTests.swift */,
				707B471B25A7F1DAAE972363 /* WindowManagerAXExecutionTests.swift */,
			);
			path = VoiceComputerPOCTests;
			sourceTree = "<group>";
		};
		3DD83DDDD48D5008D62CD155 = {
			isa = PBXGroup;
			children = (
				54CC224D8FF1507144F4D34F /* evals */,
				6AE856DD90282B780D3605A2 /* VoiceComputerPOC */,
				1D00367AA122FEC3D94DD5E9 /* VoiceComputerPOCTests */,
				09A1CEB64DEC19D6FFC82214 /* Products */,
			);
			sourceTree = "<group>";
		};
		54CC224D8FF1507144F4D34F /* evals */ = {
			isa = PBXGroup;
			children = (
				D478EB08637ACB3628315EC6 /* router-cli-args.json */,
				BED1EF7D88AEDFF253DD76FC /* router-instruction.txt */,
				6BE7479ACF49C5F779513C79 /* router-output.schema.json */,
			);
			path = evals;
			sourceTree = "<group>";
		};
		6AE856DD90282B780D3605A2 /* VoiceComputerPOC */ = {
			isa = PBXGroup;
			children = (
				4DF54FE5EDD2D827D67E8AF4 /* ApprovalProtocol.swift */,
				3E5685373ED6C8075DD282EA /* AppServerClient.swift */,
				1553759D35311E1698534226 /* AppServerClient+Connection.swift */,
				E1DA61CCE4D3F6CC8236658A /* AppServerClient+Lifecycle.swift */,
				FA818DA41010F13056BC0096 /* AppServerClient+Notifications.swift */,
				DEF216825C70926B73579A26 /* AppServerClient+Responses.swift */,
				AAEE0B9B8B1A5F7E5359DD50 /* AppServerClient+Routing.swift */,
				658A3A41C80234ACA5A36A8D /* AppServerClient+SpaceAXExecution.swift */,
				34C996441AC1A3E32F91757B /* AppServerClient+Spaces.swift */,
				D3BBEAB99B854E808C3A2E50 /* AppServerClient+SpaceVerification.swift */,
				8B74AD102A7A7BE23EB6619A /* CommandRoute.swift */,
				5C9F9324497C1AD7B0B64440 /* ContentView.swift */,
				0F9746E05DAF2F18E2164AE0 /* DiagnosticLog.swift */,
				7ACB5EE942BC4C16FBA579B7 /* LocalVoiceInput.swift */,
				9FBF783BA4090E303FF1E695 /* MissionControlAXDiscovery.swift */,
				6428F055CAE5F977ECD76618 /* NativeSpaceAXExecution.swift */,
				F54D737F47D4FB6002490D93 /* RouterAgent.swift */,
				B4892574811141080E9E93FE /* SpaceNavigator.swift */,
				EB2CE7E2613EEBFB29969E02 /* SpaceToolBridge.swift */,
				8D890B71ED4ECE57D20290F2 /* SpaceToolContract.swift */,
				03E832F80A1C092C60825323 /* VoiceComputerPOCApp.swift */,
				C0BFCDA2960DFBDC48C0D048 /* WindowManagerAXExecution.swift */,
				A5D25FC23DE94B511E999EB7 /* WindowManagerAXProbe.swift */,
			);
			path = VoiceComputerPOC;
			sourceTree = "<group>";
		};
/* End PBXGroup section */

/* Begin PBXNativeTarget section */
		529B02A64308A8545EAA86E6 /* VoiceComputerPOC */ = {
			isa = PBXNativeTarget;
			buildConfigurationList = B8BB97CADA6DD2C358DB6E30 /* Build configuration list for PBXNativeTarget "VoiceComputerPOC" */;
			buildPhases = (
				C20DD4CA692E875357DA25A6 /* Sources */,
				CF683817B418680F0D6873F3 /* Resources */,
				B691BB247435BD9E2C1EAB84 /* Package pinned DesktopToolServer */,
			);
			buildRules = (
			);
			dependencies = (
			);
			name = VoiceComputerPOC;
			packageProductDependencies = (
			);
			productName = VoiceComputerPOC;
			productReference = 94DE2CF9444DF65BD537012E /* VoiceComputerPOC.app */;
			productType = "com.apple.product-type.application";
		};
		B285919DC4A7B7A4582710E2 /* VoiceComputerPOCTests */ = {
			isa = PBXNativeTarget;
			buildConfigurationList = 1C5BCBBD6767772DCC025A61 /* Build configuration list for PBXNativeTarget "VoiceComputerPOCTests" */;
			buildPhases = (
				3D5170ADD58C224F68A650A5 /* Sources */,
			);
			buildRules = (
			);
			dependencies = (
				35318C7ECA605E7C93DA53BE /* PBXTargetDependency */,
			);
			name = VoiceComputerPOCTests;
			packageProductDependencies = (
			);
			productName = VoiceComputerPOCTests;
			productReference = DF84CDBE5580684B8B7B21D1 /* VoiceComputerPOCTests.xctest */;
			productType = "com.apple.product-type.bundle.unit-test";
		};
/* End PBXNativeTarget section */

/* Begin PBXProject section */
		3865256B9209E08844D9C5F3 /* Project object */ = {
			isa = PBXProject;
			attributes = {
				BuildIndependentTargetsInParallel = YES;
				LastUpgradeCheck = 1430;
				TargetAttributes = {
				};
			};
			buildConfigurationList = E3F2C34226286AA7769AAC24 /* Build configuration list for PBXProject "VoiceComputerPOC" */;
			developmentRegion = en;
			hasScannedForEncodings = 0;
			knownRegions = (
				Base,
				en,
			);
			mainGroup = 3DD83DDDD48D5008D62CD155;
			minimizedProjectReferenceProxies = 1;
			preferredProjectObjectVersion = 77;
			productRefGroup = 09A1CEB64DEC19D6FFC82214 /* Products */;
			projectDirPath = "";
			projectRoot = "";
			targets = (
				529B02A64308A8545EAA86E6 /* VoiceComputerPOC */,
				B285919DC4A7B7A4582710E2 /* VoiceComputerPOCTests */,
			);
		};
/* End PBXProject section */

/* Begin PBXResourcesBuildPhase section */
		CF683817B418680F0D6873F3 /* Resources */ = {
			isa = PBXResourcesBuildPhase;
			buildActionMask = 2147483647;
			files = (
				11ABDA561800868B832427D3 /* router-cli-args.json in Resources */,
				FABA6BB3D1B74125E9834BB6 /* router-instruction.txt in Resources */,
				2E46C2BD23DBA8D96B16443B /* router-output.schema.json in Resources */,
			);
			runOnlyForDeploymentPostprocessing = 0;
		};
/* End PBXResourcesBuildPhase section */

/* Begin PBXShellScriptBuildPhase section */
		B691BB247435BD9E2C1EAB84 /* Package pinned DesktopToolServer */ = {
			isa = PBXShellScriptBuildPhase;
			alwaysOutOfDate = 1;
			buildActionMask = 2147483647;
			files = (
			);
			inputFileListPaths = (
			);
			inputPaths = (
			);
			name = "Package pinned DesktopToolServer";
			outputFileListPaths = (
			);
			outputPaths = (
			);
			runOnlyForDeploymentPostprocessing = 0;
			shellPath = /bin/sh;
			shellScript = "\"$SRCROOT/scripts/package-desktop-tool.sh\"";
		};
/* End PBXShellScriptBuildPhase section */

/* Begin PBXSourcesBuildPhase section */
		3D5170ADD58C224F68A650A5 /* Sources */ = {
			isa = PBXSourcesBuildPhase;
			buildActionMask = 2147483647;
			files = (
				46A0B1E7E64FAA6B4DAF7B21 /* AppServerClientNotificationTests.swift in Sources */,
				6E47380606EC3DFF30BF1E0E /* AppServerClientRoutingTests.swift in Sources */,
				8832F6771617F802E160B22F /* ApprovalProtocolTests.swift in Sources */,
				815AE3BC1BD46EA6E2F4BF79 /* CommandRouteTests.swift in Sources */,
				BC4753D6EC07F923ED6AE722 /* DiagnosticLogTests.swift in Sources */,
				4C89AD07C7FD92FE012B26E3 /* NativeSpaceAXExecutionTests.swift in Sources */,
				F8ED3CAF55A6B34F67BE9856 /* NativeSpaceCancellationTests.swift in Sources */,
				45B59E7EEC152F2A6831E556 /* SpaceNavigatorTests.swift in Sources */,
				AA621174BB334EDF6B44707F /* SpaceToolBridgePythonPeerSupport.swift in Sources */,
				11B249B1108AD14B1E9D8685 /* SpaceToolBridgeSecurityTests.swift in Sources */,
				956571D06FD82926DEBD3B4D /* SpaceToolContractTests.swift in Sources */,
				CCC922B84BD4EA953E7D52BE /* WindowManagerAXExecutionTests.swift in Sources */,
			);
			runOnlyForDeploymentPostprocessing = 0;
		};
		C20DD4CA692E875357DA25A6 /* Sources */ = {
			isa = PBXSourcesBuildPhase;
			buildActionMask = 2147483647;
			files = (
				2FC0AEA630182A4F6C177E93 /* AppServerClient+Connection.swift in Sources */,
				A8852D260D8504D5024ABB58 /* AppServerClient+Lifecycle.swift in Sources */,
				F4C66D788160D488340A7AAF /* AppServerClient+Notifications.swift in Sources */,
				E47F520E49C91E7C1477649E /* AppServerClient+Responses.swift in Sources */,
				D8182DE6E3A2B8DD9BC19CD0 /* AppServerClient+Routing.swift in Sources */,
				25389F8BE59799C7694C9D72 /* AppServerClient+SpaceAXExecution.swift in Sources */,
				1903CCB753DCB55130698DD5 /* AppServerClient+SpaceVerification.swift in Sources */,
				46B4B0D406445B2F5DA025D6 /* AppServerClient+Spaces.swift in Sources */,
				8C8E6085BEBB050DAC7DE0EB /* AppServerClient.swift in Sources */,
				CA907AAE2B1E537AD1A8EDF4 /* ApprovalProtocol.swift in Sources */,
				39ED284ACB1970972009A7AE /* CommandRoute.swift in Sources */,
				E807A0BA7ED80F13CE2784C6 /* ContentView.swift in Sources */,
				0233268CC94C9A26838D022C /* DiagnosticLog.swift in Sources */,
				B00819EC5F0AB40C9AEDB658 /* LocalVoiceInput.swift in Sources */,
				B1977B752C4EF9097128F4DF /* MissionControlAXDiscovery.swift in Sources */,
				469F4D49DCCEDEC5032649B8 /* NativeSpaceAXExecution.swift in Sources */,
				51C8F021EEB3C28AF14AA781 /* RouterAgent.swift in Sources */,
				4B783A83A2C9EC4A3D90A251 /* SpaceNavigator.swift in Sources */,
				0A5EEDD1B1A4032FCBA313DC /* SpaceToolBridge.swift in Sources */,
				0EF5A8F7A156B5D7DA21AB23 /* SpaceToolContract.swift in Sources */,
				0E6B219B0F072ED018D3065B /* VoiceComputerPOCApp.swift in Sources */,
				F26A69D825E2BE4983896932 /* WindowManagerAXExecution.swift in Sources */,
				99965E951BC65D2FC6AE76D9 /* WindowManagerAXProbe.swift in Sources */,
			);
			runOnlyForDeploymentPostprocessing = 0;
		};
/* End PBXSourcesBuildPhase section */

/* Begin PBXTargetDependency section */
		35318C7ECA605E7C93DA53BE /* PBXTargetDependency */ = {
			isa = PBXTargetDependency;
			target = 529B02A64308A8545EAA86E6 /* VoiceComputerPOC */;
			targetProxy = 8D3DC6529646A834CDD89E67 /* PBXContainerItemProxy */;
		};
/* End PBXTargetDependency section */

/* Begin XCBuildConfiguration section */
		243395DF39419873DE5F4F8B /* Debug */ = {
			isa = XCBuildConfiguration;
			buildSettings = {
				BUNDLE_LOADER = "$(TEST_HOST)";
				CODE_SIGNING_ALLOWED = NO;
				COMBINE_HIDPI_IMAGES = YES;
				GENERATE_INFOPLIST_FILE = YES;
				LD_RUNPATH_SEARCH_PATHS = (
					"$(inherited)",
					"@executable_path/../Frameworks",
					"@loader_path/../Frameworks",
				);
				MACOSX_DEPLOYMENT_TARGET = 14.0;
				PRODUCT_BUNDLE_IDENTIFIER = com.neonwatty.VoiceComputerPOCTests;
				SDKROOT = macosx;
				SWIFT_VERSION = 5.0;
				TEST_HOST = "$(BUILT_PRODUCTS_DIR)/VoiceComputerPOC.app/Contents/MacOS/VoiceComputerPOC";
			};
			name = Debug;
		};
		37B25B9E61B36E05971FBB81 /* Release */ = {
			isa = XCBuildConfiguration;
			buildSettings = {
				ALWAYS_SEARCH_USER_PATHS = NO;
				CLANG_ANALYZER_NONNULL = YES;
				CLANG_ANALYZER_NUMBER_OBJECT_CONVERSION = YES_AGGRESSIVE;
				CLANG_CXX_LANGUAGE_STANDARD = "gnu++14";
				CLANG_CXX_LIBRARY = "libc++";
				CLANG_ENABLE_MODULES = YES;
				CLANG_ENABLE_OBJC_ARC = YES;
				CLANG_ENABLE_OBJC_WEAK = YES;
				CLANG_WARN_BLOCK_CAPTURE_AUTORELEASING = YES;
				CLANG_WARN_BOOL_CONVERSION = YES;
				CLANG_WARN_COMMA = YES;
				CLANG_WARN_CONSTANT_CONVERSION = YES;
				CLANG_WARN_DEPRECATED_OBJC_IMPLEMENTATIONS = YES;
				CLANG_WARN_DIRECT_OBJC_ISA_USAGE = YES_ERROR;
				CLANG_WARN_DOCUMENTATION_COMMENTS = YES;
				CLANG_WARN_EMPTY_BODY = YES;
				CLANG_WARN_ENUM_CONVERSION = YES;
				CLANG_WARN_INFINITE_RECURSION = YES;
				CLANG_WARN_INT_CONVERSION = YES;
				CLANG_WARN_NON_LITERAL_NULL_CONVERSION = YES;
				CLANG_WARN_OBJC_IMPLICIT_RETAIN_SELF = YES;
				CLANG_WARN_OBJC_LITERAL_CONVERSION = YES;
				CLANG_WARN_OBJC_ROOT_CLASS = YES_ERROR;
				CLANG_WARN_QUOTED_INCLUDE_IN_FRAMEWORK_HEADER = YES;
				CLANG_WARN_RANGE_LOOP_ANALYSIS = YES;
				CLANG_WARN_STRICT_PROTOTYPES = YES;
				CLANG_WARN_SUSPICIOUS_MOVE = YES;
				CLANG_WARN_UNGUARDED_AVAILABILITY = YES_AGGRESSIVE;
				CLANG_WARN_UNREACHABLE_CODE = YES;
				CLANG_WARN__DUPLICATE_METHOD_MATCH = YES;
				COPY_PHASE_STRIP = NO;
				DEBUG_INFORMATION_FORMAT = "dwarf-with-dsym";
				ENABLE_NS_ASSERTIONS = NO;
				ENABLE_STRICT_OBJC_MSGSEND = YES;
				GCC_C_LANGUAGE_STANDARD = gnu11;
				GCC_NO_COMMON_BLOCKS = YES;
				GCC_WARN_64_TO_32_BIT_CONVERSION = YES;
				GCC_WARN_ABOUT_RETURN_TYPE = YES_ERROR;
				GCC_WARN_UNDECLARED_SELECTOR = YES;
				GCC_WARN_UNINITIALIZED_AUTOS = YES_AGGRESSIVE;
				GCC_WARN_UNUSED_FUNCTION = YES;
				GCC_WARN_UNUSED_VARIABLE = YES;
				MTL_ENABLE_DEBUG_INFO = NO;
				MTL_FAST_MATH = YES;
				PRODUCT_NAME = "$(TARGET_NAME)";
				SDKROOT = macosx;
				SWIFT_COMPILATION_MODE = wholemodule;
				SWIFT_OPTIMIZATION_LEVEL = "-O";
				SWIFT_VERSION = 5.0;
			};
			name = Release;
		};
		5364776ED19921264145BF8E /* Release */ = {
			isa = XCBuildConfiguration;
			buildSettings = {
				BUNDLE_LOADER = "$(TEST_HOST)";
				CODE_SIGNING_ALLOWED = NO;
				COMBINE_HIDPI_IMAGES = YES;
				GENERATE_INFOPLIST_FILE = YES;
				LD_RUNPATH_SEARCH_PATHS = (
					"$(inherited)",
					"@executable_path/../Frameworks",
					"@loader_path/../Frameworks",
				);
				MACOSX_DEPLOYMENT_TARGET = 14.0;
				PRODUCT_BUNDLE_IDENTIFIER = com.neonwatty.VoiceComputerPOCTests;
				SDKROOT = macosx;
				SWIFT_VERSION = 5.0;
				TEST_HOST = "$(BUILT_PRODUCTS_DIR)/VoiceComputerPOC.app/Contents/MacOS/VoiceComputerPOC";
			};
			name = Release;
		};
		5B944948E293A715D7E20670 /* Debug */ = {
			isa = XCBuildConfiguration;
			buildSettings = {
				ASSETCATALOG_COMPILER_APPICON_NAME = AppIcon;
				CODE_SIGNING_ALLOWED = NO;
				COMBINE_HIDPI_IMAGES = YES;
				GENERATE_INFOPLIST_FILE = YES;
				INFOPLIST_KEY_CFBundleDisplayName = "Voice Computer POC";
				INFOPLIST_KEY_NSMicrophoneUsageDescription = "Voice Computer POC records a spoken command for local transcription.";
				LD_RUNPATH_SEARCH_PATHS = (
					"$(inherited)",
					"@executable_path/../Frameworks",
				);
				MACOSX_DEPLOYMENT_TARGET = 14.0;
				PRODUCT_BUNDLE_IDENTIFIER = com.neonwatty.VoiceComputerPOC;
				PRODUCT_NAME = VoiceComputerPOC;
				SDKROOT = macosx;
				SWIFT_STRICT_CONCURRENCY = minimal;
				SWIFT_VERSION = 5.0;
			};
			name = Debug;
		};
		BA51F9A78FF63F771108245A /* Release */ = {
			isa = XCBuildConfiguration;
			buildSettings = {
				ASSETCATALOG_COMPILER_APPICON_NAME = AppIcon;
				CODE_SIGNING_ALLOWED = NO;
				COMBINE_HIDPI_IMAGES = YES;
				GENERATE_INFOPLIST_FILE = YES;
				INFOPLIST_KEY_CFBundleDisplayName = "Voice Computer POC";
				INFOPLIST_KEY_NSMicrophoneUsageDescription = "Voice Computer POC records a spoken command for local transcription.";
				LD_RUNPATH_SEARCH_PATHS = (
					"$(inherited)",
					"@executable_path/../Frameworks",
				);
				MACOSX_DEPLOYMENT_TARGET = 14.0;
				PRODUCT_BUNDLE_IDENTIFIER = com.neonwatty.VoiceComputerPOC;
				PRODUCT_NAME = VoiceComputerPOC;
				SDKROOT = macosx;
				SWIFT_STRICT_CONCURRENCY = minimal;
				SWIFT_VERSION = 5.0;
			};
			name = Release;
		};
		EEA81006CBF7828D51B73472 /* Debug */ = {
			isa = XCBuildConfiguration;
			buildSettings = {
				ALWAYS_SEARCH_USER_PATHS = NO;
				CLANG_ANALYZER_NONNULL = YES;
				CLANG_ANALYZER_NUMBER_OBJECT_CONVERSION = YES_AGGRESSIVE;
				CLANG_CXX_LANGUAGE_STANDARD = "gnu++14";
				CLANG_CXX_LIBRARY = "libc++";
				CLANG_ENABLE_MODULES = YES;
				CLANG_ENABLE_OBJC_ARC = YES;
				CLANG_ENABLE_OBJC_WEAK = YES;
				CLANG_WARN_BLOCK_CAPTURE_AUTORELEASING = YES;
				CLANG_WARN_BOOL_CONVERSION = YES;
				CLANG_WARN_COMMA = YES;
				CLANG_WARN_CONSTANT_CONVERSION = YES;
				CLANG_WARN_DEPRECATED_OBJC_IMPLEMENTATIONS = YES;
				CLANG_WARN_DIRECT_OBJC_ISA_USAGE = YES_ERROR;
				CLANG_WARN_DOCUMENTATION_COMMENTS = YES;
				CLANG_WARN_EMPTY_BODY = YES;
				CLANG_WARN_ENUM_CONVERSION = YES;
				CLANG_WARN_INFINITE_RECURSION = YES;
				CLANG_WARN_INT_CONVERSION = YES;
				CLANG_WARN_NON_LITERAL_NULL_CONVERSION = YES;
				CLANG_WARN_OBJC_IMPLICIT_RETAIN_SELF = YES;
				CLANG_WARN_OBJC_LITERAL_CONVERSION = YES;
				CLANG_WARN_OBJC_ROOT_CLASS = YES_ERROR;
				CLANG_WARN_QUOTED_INCLUDE_IN_FRAMEWORK_HEADER = YES;
				CLANG_WARN_RANGE_LOOP_ANALYSIS = YES;
				CLANG_WARN_STRICT_PROTOTYPES = YES;
				CLANG_WARN_SUSPICIOUS_MOVE = YES;
				CLANG_WARN_UNGUARDED_AVAILABILITY = YES_AGGRESSIVE;
				CLANG_WARN_UNREACHABLE_CODE = YES;
				CLANG_WARN__DUPLICATE_METHOD_MATCH = YES;
				COPY_PHASE_STRIP = NO;
				DEBUG_INFORMATION_FORMAT = dwarf;
				ENABLE_STRICT_OBJC_MSGSEND = YES;
				ENABLE_TESTABILITY = YES;
				GCC_C_LANGUAGE_STANDARD = gnu11;
				GCC_DYNAMIC_NO_PIC = NO;
				GCC_NO_COMMON_BLOCKS = YES;
				GCC_OPTIMIZATION_LEVEL = 0;
				GCC_PREPROCESSOR_DEFINITIONS = (
					"$(inherited)",
					"DEBUG=1",
				);
				GCC_WARN_64_TO_32_BIT_CONVERSION = YES;
				GCC_WARN_ABOUT_RETURN_TYPE = YES_ERROR;
				GCC_WARN_UNDECLARED_SELECTOR = YES;
				GCC_WARN_UNINITIALIZED_AUTOS = YES_AGGRESSIVE;
				GCC_WARN_UNUSED_FUNCTION = YES;
				GCC_WARN_UNUSED_VARIABLE = YES;
				MTL_ENABLE_DEBUG_INFO = INCLUDE_SOURCE;
				MTL_FAST_MATH = YES;
				ONLY_ACTIVE_ARCH = YES;
				PRODUCT_NAME = "$(TARGET_NAME)";
				SDKROOT = macosx;
				SWIFT_ACTIVE_COMPILATION_CONDITIONS = DEBUG;
				SWIFT_OPTIMIZATION_LEVEL = "-Onone";
				SWIFT_VERSION = 5.0;
			};
			name = Debug;
		};
/* End XCBuildConfiguration section */

/* Begin XCConfigurationList section */
		1C5BCBBD6767772DCC025A61 /* Build configuration list for PBXNativeTarget "VoiceComputerPOCTests" */ = {
			isa = XCConfigurationList;
			buildConfigurations = (
				243395DF39419873DE5F4F8B /* Debug */,
				5364776ED19921264145BF8E /* Release */,
			);
			defaultConfigurationIsVisible = 0;
			defaultConfigurationName = Debug;
		};
		B8BB97CADA6DD2C358DB6E30 /* Build configuration list for PBXNativeTarget "VoiceComputerPOC" */ = {
			isa = XCConfigurationList;
			buildConfigurations = (
				5B944948E293A715D7E20670 /* Debug */,
				BA51F9A78FF63F771108245A /* Release */,
			);
			defaultConfigurationIsVisible = 0;
			defaultConfigurationName = Debug;
		};
		E3F2C34226286AA7769AAC24 /* Build configuration list for PBXProject "VoiceComputerPOC" */ = {
			isa = XCConfigurationList;
			buildConfigurations = (
				EEA81006CBF7828D51B73472 /* Debug */,
				37B25B9E61B36E05971FBB81 /* Release */,
			);
			defaultConfigurationIsVisible = 0;
			defaultConfigurationName = Debug;
		};
/* End XCConfigurationList section */
	};
	rootObject = 3865256B9209E08844D9C5F3 /* Project object */;
}
